
Microsoft Visual Studio Solution File, Format Version 12.00
# Visual Studio Version 17
VisualStudioVersion = 17.11.35431.28
MinimumVisualStudioVersion = 10.0.40219.1
Project("{FAE04EC0-301F-11D3-BF4B-00C04F79EFBC}") = "PalworldShutdownScheduler", "PalworldShutdownScheduler\PalworldShutdownScheduler.csproj", "{F86BDC8B-06F9-47C7-BBBF-BB39E496CEC1}"
EndProject
Global
	GlobalSection(SolutionConfigurationPlatforms) = preSolution
		Debug|Any CPU = Debug|Any CPU
		Release|Any CPU = Release|Any CPU
	EndGlobalSection
	GlobalSection(ProjectConfigurationPlatforms) = postSolution
		{F86BDC8B-06F9-47C7-BBBF-BB39E496CEC1}.Debug|Any CPU.ActiveCfg = Debug|Any CPU
		{F86BDC8B-06F9-47C7-BBBF-BB39E496CEC1}.Debug|Any CPU.Build.0 = Debug|Any CPU
		{F86BDC8B-06F9-47C7-BBBF-BB39E496CEC1}.Release|Any CPU.ActiveCfg = Release|Any CPU
		{F86BDC8B-06F9-47C7-BBBF-BB39E496CEC1}.Release|Any CPU.Build.0 = Release|Any CPU
	EndGlobalSection
	GlobalSection(SolutionProperties) = preSolution
		HideSolutionNode = FALSE
	EndGlobalSection
	GlobalSection(ExtensibilityGlobals) = postSolution
		SolutionGuid = {4000050F-6C7C-4505-82F6-3DA6A320613A}
	EndGlobalSection
EndGlobal
